
Microsoft Visual Studio Solution File, Format Version 12.00
# Visual Studio Version 16
VisualStudioVersion = 16.0.29519.87
MinimumVisualStudioVersion = 10.0.40219.1
Project("{FAE04EC0-301F-11D3-BF4B-00C04F79EFBC}") = "homeWorkLesson10_1", "homeWorkLesson10_1\homeWorkLesson10_1.csproj", "{F8E2B367-A525-4CCA-B439-07D837DE7E25}"
EndProject
Project("{FAE04EC0-301F-11D3-BF4B-00C04F79EFBC}") = "homeWorkLesson10_2", "homeWorkLesson10_2\homeWorkLesson10_2.csproj", "{7145C7CC-4B53-42D5-B8B8-88E0B2E34AF1}"
EndProject
Project("{FAE04EC0-301F-11D3-BF4B-00C04F79EFBC}") = "homeWorkLesson10_3", "homeWorkLesson10_3\homeWorkLesson10_3.csproj", "{5589E76E-21C3-4770-85C1-AB8E9CA8C327}"
EndProject
Project("{FAE04EC0-301F-11D3-BF4B-00C04F79EFBC}") = "homeWorkLesson10_4", "homeWorkLesson10_4\homeWorkLesson10_4.csproj", "{B798AD84-9D36-4748-9EE2-FDD4B879ECA9}"
EndProject
Project("{FAE04EC0-301F-11D3-BF4B-00C04F79EFBC}") = "homeWorkLesson10_5", "homeWorkLesson10_5\homeWorkLesson10_5.csproj", "{C3679D17-FFFE-4EFD-8CC5-F2EC476CA43E}"
EndProject
Global
	GlobalSection(SolutionConfigurationPlatforms) = preSolution
		Debug|Any CPU = Debug|Any CPU
		Release|Any CPU = Release|Any CPU
	EndGlobalSection
	GlobalSection(ProjectConfigurationPlatforms) = postSolution
		{F8E2B367-A525-4CCA-B439-07D837DE7E25}.Debug|Any CPU.ActiveCfg = Debug|Any CPU
		{F8E2B367-A525-4CCA-B439-07D837DE7E25}.Debug|Any CPU.Build.0 = Debug|Any CPU
		{F8E2B367-A525-4CCA-B439-07D837DE7E25}.Release|Any CPU.ActiveCfg = Release|Any CPU
		{F8E2B367-A525-4CCA-B439-07D837DE7E25}.Release|Any CPU.Build.0 = Release|Any CPU
		{7145C7CC-4B53-42D5-B8B8-88E0B2E34AF1}.Debug|Any CPU.ActiveCfg = Debug|Any CPU
		{7145C7CC-4B53-42D5-B8B8-88E0B2E34AF1}.Debug|Any CPU.Build.0 = Debug|Any CPU
		{7145C7CC-4B53-42D5-B8B8-88E0B2E34AF1}.Release|Any CPU.ActiveCfg = Release|Any CPU
		{7145C7CC-4B53-42D5-B8B8-88E0B2E34AF1}.Release|Any CPU.Build.0 = Release|Any CPU
		{5589E76E-21C3-4770-85C1-AB8E9CA8C327}.Debug|Any CPU.ActiveCfg = Debug|Any CPU
		{5589E76E-21C3-4770-85C1-AB8E9CA8C327}.Debug|Any CPU.Build.0 = Debug|Any CPU
		{5589E76E-21C3-4770-85C1-AB8E9CA8C327}.Release|Any CPU.ActiveCfg = Release|Any CPU
		{5589E76E-21C3-4770-85C1-AB8E9CA8C327}.Release|Any CPU.Build.0 = Release|Any CPU
		{B798AD84-9D36-4748-9EE2-FDD4B879ECA9}.Debug|Any CPU.ActiveCfg = Debug|Any CPU
		{B798AD84-9D36-4748-9EE2-FDD4B879ECA9}.Debug|Any CPU.Build.0 = Debug|Any CPU
		{B798AD84-9D36-4748-9EE2-FDD4B879ECA9}.Release|Any CPU.ActiveCfg = Release|Any CPU
		{B798AD84-9D36-4748-9EE2-FDD4B879ECA9}.Release|Any CPU.Build.0 = Release|Any CPU
		{C3679D17-FFFE-4EFD-8CC5-F2EC476CA43E}.Debug|Any CPU.ActiveCfg = Debug|Any CPU
		{C3679D17-FFFE-4EFD-8CC5-F2EC476CA43E}.Debug|Any CPU.Build.0 = Debug|Any CPU
		{C3679D17-FFFE-4EFD-8CC5-F2EC476CA43E}.Release|Any CPU.ActiveCfg = Release|Any CPU
		{C3679D17-FFFE-4EFD-8CC5-F2EC476CA43E}.Release|Any CPU.Build.0 = Release|Any CPU
	EndGlobalSection
	GlobalSection(SolutionProperties) = preSolution
		HideSolutionNode = FALSE
	EndGlobalSection
	GlobalSection(ExtensibilityGlobals) = postSolution
		SolutionGuid = {064B250A-4D2B-4E20-A71A-B28C15199908}
	EndGlobalSection
EndGlobal
